
Microsoft Visual Studio Solution File, Format Version 12.00
# Visual Studio 15
VisualStudioVersion = 15.0.28010.2036
MinimumVisualStudioVersion = 10.0.40219.1
Project("{FAE04EC0-301F-11D3-BF4B-00C04F79EFBC}") = "Project", "Project\Project.csproj", "{08A6E807-FF52-4E27-81EE-E0FE58560CFA}"
EndProject
Global
	GlobalSection(SolutionConfigurationPlatforms) = preSolution
		Debug|Any CPU = Debug|Any CPU
		Release|Any CPU = Release|Any CPU
	EndGlobalSection
	GlobalSection(ProjectConfigurationPlatforms) = postSolution
		{08A6E807-FF52-4E27-81EE-E0FE58560CFA}.Debug|Any CPU.ActiveCfg = Debug|Any CPU
		{08A6E807-FF52-4E27-81EE-E0FE58560CFA}.Debug|Any CPU.Build.0 = Debug|Any CPU
		{08A6E807-FF52-4E27-81EE-E0FE58560CFA}.Release|Any CPU.ActiveCfg = Release|Any CPU
		{08A6E807-FF52-4E27-81EE-E0FE58560CFA}.Release|Any CPU.Build.0 = Release|Any CPU
	EndGlobalSection
	GlobalSection(SolutionProperties) = preSolution
		HideSolutionNode = FALSE
	EndGlobalSection
	GlobalSection(ExtensibilityGlobals) = postSolution
		SolutionGuid = {1C51AD65-EFD5-4F3F-96CA-29F93DA572F2}
	EndGlobalSection
EndGlobal
